
Microsoft Visual Studio Solution File, Format Version 12.00
# Visual Studio Version 17
VisualStudioVersion = 17.14.36408.4 d17.14
MinimumVisualStudioVersion = 10.0.40219.1
Project("{FAE04EC0-301F-11D3-BF4B-00C04F79EFBC}") = "E6EFF8A0", "E6EFF8A0\E6EFF8A0.csproj", "{2117C168-06D9-48D7-93CB-7695F348409F}"
EndProject
Global
	GlobalSection(SolutionConfigurationPlatforms) = preSolution
		Debug|Any CPU = Debug|Any CPU
		Release|Any CPU = Release|Any CPU
	EndGlobalSection
	GlobalSection(ProjectConfigurationPlatforms) = postSolution
		{2117C168-06D9-48D7-93CB-7695F348409F}.Debug|Any CPU.ActiveCfg = Debug|Any CPU
		{2117C168-06D9-48D7-93CB-7695F348409F}.Debug|Any CPU.Build.0 = Debug|Any CPU
		{2117C168-06D9-48D7-93CB-7695F348409F}.Release|Any CPU.ActiveCfg = Release|Any CPU
		{2117C168-06D9-48D7-93CB-7695F348409F}.Release|Any CPU.Build.0 = Release|Any CPU
	EndGlobalSection
	GlobalSection(SolutionProperties) = preSolution
		HideSolutionNode = FALSE
	EndGlobalSection
	GlobalSection(ExtensibilityGlobals) = postSolution
		SolutionGuid = {FC390E72-D725-45BD-873C-192E0CFC554C}
	EndGlobalSection
EndGlobal
